
Microsoft Visual Studio Solution File, Format Version 12.00
# Visual Studio Version 17
VisualStudioVersion = 17.14.36717.8 d17.14
MinimumVisualStudioVersion = 10.0.40219.1
Project("{2150E333-8FDC-42A3-9474-1A3956D46DE8}") = "benchmark", "benchmark", "{346A5A53-51E4-4A75-B7E6-491D950382CE}"
EndProject
Project("{2150E333-8FDC-42A3-9474-1A3956D46DE8}") = "main", "main", "{8655B774-9ABC-4D24-8499-B6A08C3558E4}"
EndProject
Project("{2150E333-8FDC-42A3-9474-1A3956D46DE8}") = "libs", "libs", "{147FCE31-EC09-4C90-8E4D-37CA87ED18C3}"
EndProject
Project("{2150E333-8FDC-42A3-9474-1A3956D46DE8}") = "test", "test", "{9A03717A-4E0B-49CA-8579-A02A4C1D003F}"
EndProject
Project("{2150E333-8FDC-42A3-9474-1A3956D46DE8}") = "playground", "playground", "{69A71E2C-00E3-42F3-854E-BE157A24834E}"
EndProject
Project("{2150E333-8FDC-42A3-9474-1A3956D46DE8}") = "samples", "samples", "{7068BB97-1958-4060-B5F1-859464592E56}"
EndProject
Project("{9A19103F-16F7-4668-BE54-9A1E7A4F7556}") = "Resp.benchmark", "benchmark\Resp.benchmark\Resp.benchmark.csproj", "{545A3E41-4043-4652-AB6E-36006B43FCA4}"
EndProject
Project("{9A19103F-16F7-4668-BE54-9A1E7A4F7556}") = "Garnet.common", "libs\common\Garnet.common.csproj", "{7B20CEA4-D68A-49C3-B55F-5EBD897F9D29}"
EndProject
Project("{9A19103F-16F7-4668-BE54-9A1E7A4F7556}") = "Garnet.client", "libs\client\Garnet.client.csproj", "{84EA8B6E-65A6-4084-A71D-CCC3B90D63EC}"
EndProject
Project("{9A19103F-16F7-4668-BE54-9A1E7A4F7556}") = "Garnet.server", "libs\server\Garnet.server.csproj", "{5350A1BB-93C1-48C5-8244-CFC6C276E390}"
EndProject
Project("{9A19103F-16F7-4668-BE54-9A1E7A4F7556}") = "GarnetServer", "main\GarnetServer\GarnetServer.csproj", "{4B199051-9972-42C3-A9DD-AC47210A6674}"
EndProject
Project("{9A19103F-16F7-4668-BE54-9A1E7A4F7556}") = "Garnet.test", "test\Garnet.test\Garnet.test.csproj", "{A9345D5F-8A2F-48C2-A3E3-76D620A04D2B}"
EndProject
Project("{2150E333-8FDC-42A3-9474-1A3956D46DE8}") = "Tsavorite", "Tsavorite", "{B01808A2-0103-4580-9F01-18AADBCFEAF5}"
EndProject
Project("{2150E333-8FDC-42A3-9474-1A3956D46DE8}") = "Solution Items", "Solution Items", "{854CCB4B-1639-43FF-B482-2BF051667E25}"
	ProjectSection(SolutionItems) = preProject
		.editorconfig = .editorconfig
		.github\workflows\ci.yml = .github\workflows\ci.yml
		Directory.Build.props = Directory.Build.props
		Directory.Packages.props = Directory.Packages.props
		docker-compose.yml = docker-compose.yml
		.github\workflows\docker.yml = .github\workflows\docker.yml
		Dockerfile = Dockerfile
		Dockerfile.alpine = Dockerfile.alpine
		Dockerfile.cbl-mariner = Dockerfile.cbl-mariner
		Dockerfile.chiseled = Dockerfile.chiseled
		Dockerfile.nanoserver = Dockerfile.nanoserver
		Dockerfile.ubuntu = Dockerfile.ubuntu
		.azure\pipelines\extract_version.ps1 = .azure\pipelines\extract_version.ps1
		Version.props = Version.props
	EndProjectSection
EndProject
Project("{9A19103F-16F7-4668-BE54-9A1E7A4F7556}") = "Bitmap", "playground\Bitmap\Bitmap.csproj", "{B9FA7D45-6DAE-4D56-AD7E-BB6C987A58C5}"
EndProject
Project("{9A19103F-16F7-4668-BE54-9A1E7A4F7556}") = "TstRunner", "playground\TstRunner\TstRunner.csproj", "{27D852C9-7A7F-436D-8A89-22287ECF8EB2}"
EndProject
Project("{9A19103F-16F7-4668-BE54-9A1E7A4F7556}") = "GarnetClientSample", "samples\GarnetClientSample\GarnetClientSample.csproj", "{224C41AE-D21C-4300-A16F-969E178B01B0}"
EndProject
Project("{9A19103F-16F7-4668-BE54-9A1E7A4F7556}") = "MetricsMonitor", "samples\MetricsMonitor\MetricsMonitor.csproj", "{3F783E1E-1B5B-45C9-AE06-173B13B08418}"
EndProject
Project("{2150E333-8FDC-42A3-9474-1A3956D46DE8}") = "metrics", "metrics", "{6960DC4F-DE07-4EE4-9362-BAAD4BEA2B91}"
EndProject
Project("{9A19103F-16F7-4668-BE54-9A1E7A4F7556}") = "HdrHistogram", "metrics\HdrHistogram\HdrHistogram.csproj", "{5621604A-3179-4265-ACA9-865A82E0E495}"
EndProject
Project("{9A19103F-16F7-4668-BE54-9A1E7A4F7556}") = "Tsavorite.core", "libs\storage\Tsavorite\cs\src\core\Tsavorite.core.csproj", "{4F04C17C-6ED0-41A0-8FE1-3823438A896E}"
EndProject
Project("{9A19103F-16F7-4668-BE54-9A1E7A4F7556}") = "GarnetClientStress", "playground\GarnetClientStress\GarnetClientStress.csproj", "{58F00DF9-C12F-4D3F-9CC5-8AA5402E2219}"
EndProject
Project("{9A19103F-16F7-4668-BE54-9A1E7A4F7556}") = "Tsavorite.devices.AzureStorageDevice", "libs\storage\Tsavorite\cs\src\devices\AzureStorageDevice\Tsavorite.devices.AzureStorageDevice.csproj", "{9D5C0F15-D9E8-4F1B-BBA2-B604E0F91E95}"
EndProject
Project("{9A19103F-16F7-4668-BE54-9A1E7A4F7556}") = "Garnet.cluster", "libs\cluster\Garnet.cluster.csproj", "{132A978C-144D-4436-8833-FF5A94616CC5}"
EndProject
Project("{9A19103F-16F7-4668-BE54-9A1E7A4F7556}") = "Garnet.host", "libs\host\Garnet.host.csproj", "{A5D29D02-5883-4DB8-BE12-9C223139815E}"
EndProject
Project("{2150E333-8FDC-42A3-9474-1A3956D46DE8}") = ".azure", ".azure", "{4485E56B-C60D-4994-9C5E-D3A9639EE43A}"
EndProject
Project("{2150E333-8FDC-42A3-9474-1A3956D46DE8}") = "pipelines", "pipelines", "{4CEA9C01-1519-4D1A-B096-B3208896496A}"
	ProjectSection(SolutionItems) = preProject
		.azure\pipelines\azure-pipelines-compliance-policheck.yml = .azure\pipelines\azure-pipelines-compliance-policheck.yml
		.azure\pipelines\azure-pipelines-compliance.yml = .azure\pipelines\azure-pipelines-compliance.yml
		.azure\pipelines\azure-pipelines-external-release.yml = .azure\pipelines\azure-pipelines-external-release.yml
		.azure\pipelines\azure-pipelines-internal-release.yml = .azure\pipelines\azure-pipelines-internal-release.yml
		.azure\pipelines\azure-pipelines-mirror.yml = .azure\pipelines\azure-pipelines-mirror.yml
		.azure\pipelines\azure-pipelines-tsavorite-codecoverage.yml = .azure\pipelines\azure-pipelines-tsavorite-codecoverage.yml
		.azure\pipelines\azure-pipelines-tsavorite.yml = .azure\pipelines\azure-pipelines-tsavorite.yml
		.azure\pipelines\azure-pipelines.yml = .azure\pipelines\azure-pipelines.yml
		.azure\pipelines\CodeCoverage.runsettings = .azure\pipelines\CodeCoverage.runsettings
		.azure\pipelines\credscan-exclusion.json = .azure\pipelines\credscan-exclusion.json
		policheck-exclusion.xml = policheck-exclusion.xml
	EndProjectSection
EndProject
Project("{9A19103F-16F7-4668-BE54-9A1E7A4F7556}") = "Garnet.test.cluster", "test\Garnet.test.cluster\Garnet.test.cluster.csproj", "{FE775048-3DB9-4F9E-A715-06C0E319BA63}"
EndProject
Project("{9A19103F-16F7-4668-BE54-9A1E7A4F7556}") = "Embedded.perftest", "playground\Embedded.perftest\Embedded.perftest.csproj", "{5BEDAC1F-6458-4EBA-8174-EC06B07F2132}"
EndProject
Project("{9A19103F-16F7-4668-BE54-9A1E7A4F7556}") = "BDN.benchmark", "benchmark\BDN.benchmark\BDN.benchmark.csproj", "{9F6E4734-6341-4A9C-A7FF-636A39D8BEAD}"
EndProject
Project("{9A19103F-16F7-4668-BE54-9A1E7A4F7556}") = "CommandInfoUpdater", "playground\CommandInfoUpdater\CommandInfoUpdater.csproj", "{9BE474A2-1547-43AC-B4F2-FB48A01FA995}"
EndProject
Project("{9A19103F-16F7-4668-BE54-9A1E7A4F7556}") = "SampleModule", "playground\SampleModule\SampleModule.csproj", "{A8CA619E-8F13-4EF8-943F-2D5E3FEBFB3F}"
EndProject
Project("{9A19103F-16F7-4668-BE54-9A1E7A4F7556}") = "MigrateBench", "playground\MigrateBench\MigrateBench.csproj", "{6B66B394-E410-4B61-9A5A-1595FF6F5E08}"
EndProject
Project("{2150E333-8FDC-42A3-9474-1A3956D46DE8}") = "hosting", "hosting", "{01823EA4-4446-4D66-B268-DFEE55951964}"
EndProject
Project("{2150E333-8FDC-42A3-9474-1A3956D46DE8}") = "Windows", "Windows", "{697766CD-2046-46D9-958A-0FD3B46C98D4}"
EndProject
Project("{9A19103F-16F7-4668-BE54-9A1E7A4F7556}") = "Garnet.worker", "hosting\Windows\Garnet.worker\Garnet.worker.csproj", "{DF2DD03E-87EE-482A-9FBA-6C8FBC23BDC5}"
EndProject
Project("{9A19103F-16F7-4668-BE54-9A1E7A4F7556}") = "Garnet.resources", "libs\resources\Garnet.resources.csproj", "{A48412B4-FD60-467E-A5D9-F155CAB4F907}"
EndProject
Project("{FAE04EC0-301F-11D3-BF4B-00C04F79EFBC}") = "NoOpModule", "modules\NoOpModule\NoOpModule.csproj", "{D4C9A1A0-7053-F072-21F5-4E0C5827136D}"
EndProject
Project("{2150E333-8FDC-42A3-9474-1A3956D46DE8}") = "modules", "modules", "{D8A9CE6E-91B9-4B84-B44A-2BCF1161A793}"
EndProject
Project("{FAE04EC0-301F-11D3-BF4B-00C04F79EFBC}") = "GarnetJSON", "modules\GarnetJSON\GarnetJSON.csproj", "{1A5DF817-D0DD-4F0B-AE3A-C9CD0E03C9D5}"
EndProject
Project("{FAE04EC0-301F-11D3-BF4B-00C04F79EFBC}") = "ETag", "samples\ETag\ETag.csproj", "{4FBA1587-BAFC-49F8-803A-D1CF431A26F5}"
EndProject
Project("{FAE04EC0-301F-11D3-BF4B-00C04F79EFBC}") = "Garnet.fuzz", "test\Garnet.fuzz\Garnet.fuzz.csproj", "{7A42F7AA-EE93-49B1-8711-A1D6D948F5FC}"
EndProject
Project("{FAE04EC0-301F-11D3-BF4B-00C04F79EFBC}") = "Device.benchmark", "benchmark\Device.benchmark\Device.benchmark.csproj", "{5422F66F-327C-AABE-98B2-9AFC349745D0}"
EndProject
Global
	GlobalSection(SolutionConfigurationPlatforms) = preSolution
		Debug|Any CPU = Debug|Any CPU
		Debug|x64 = Debug|x64
		Debug|x86 = Debug|x86
		Release|Any CPU = Release|Any CPU
		Release|x64 = Release|x64
		Release|x86 = Release|x86
	EndGlobalSection
	GlobalSection(ProjectConfigurationPlatforms) = postSolution
		{545A3E41-4043-4652-AB6E-36006B43FCA4}.Debug|Any CPU.ActiveCfg = Debug|Any CPU
		{545A3E41-4043-4652-AB6E-36006B43FCA4}.Debug|Any CPU.Build.0 = Debug|Any CPU
		{545A3E41-4043-4652-AB6E-36006B43FCA4}.Debug|x64.ActiveCfg = Debug|Any CPU
		{545A3E41-4043-4652-AB6E-36006B43FCA4}.Debug|x64.Build.0 = Debug|Any CPU
		{545A3E41-4043-4652-AB6E-36006B43FCA4}.Debug|x86.ActiveCfg = Debug|Any CPU
		{545A3E41-4043-4652-AB6E-36006B43FCA4}.Debug|x86.Build.0 = Debug|Any CPU
		{545A3E41-4043-4652-AB6E-36006B43FCA4}.Release|Any CPU.ActiveCfg = Release|Any CPU
		{545A3E41-4043-4652-AB6E-36006B43FCA4}.Release|Any CPU.Build.0 = Release|Any CPU
		{545A3E41-4043-4652-AB6E-36006B43FCA4}.Release|x64.ActiveCfg = Release|Any CPU
		{545A3E41-4043-4652-AB6E-36006B43FCA4}.Release|x64.Build.0 = Release|Any CPU
		{545A3E41-4043-4652-AB6E-36006B43FCA4}.Release|x86.ActiveCfg = Release|Any CPU
		{545A3E41-4043-4652-AB6E-36006B43FCA4}.Release|x86.Build.0 = Release|Any CPU
		{7B20CEA4-D68A-49C3-B55F-5EBD897F9D29}.Debug|Any CPU.ActiveCfg = Debug|Any CPU
		{7B20CEA4-D68A-49C3-B55F-5EBD897F9D29}.Debug|Any CPU.Build.0 = Debug|Any CPU
		{7B20CEA4-D68A-49C3-B55F-5EBD897F9D29}.Debug|x64.ActiveCfg = Debug|Any CPU
		{7B20CEA4-D68A-49C3-B55F-5EBD897F9D29}.Debug|x64.Build.0 = Debug|Any CPU
		{7B20CEA4-D68A-49C3-B55F-5EBD897F9D29}.Debug|x86.ActiveCfg = Debug|Any CPU
		{7B20CEA4-D68A-49C3-B55F-5EBD897F9D29}.Debug|x86.Build.0 = Debug|Any CPU
		{7B20CEA4-D68A-49C3-B55F-5EBD897F9D29}.Release|Any CPU.ActiveCfg = Release|Any CPU
		{7B20CEA4-D68A-49C3-B55F-5EBD897F9D29}.Release|Any CPU.Build.0 = Release|Any CPU
		{7B20CEA4-D68A-49C3-B55F-5EBD897F9D29}.Release|x64.ActiveCfg = Release|Any CPU
		{7B20CEA4-D68A-49C3-B55F-5EBD897F9D29}.Release|x64.Build.0 = Release|Any CPU
		{7B20CEA4-D68A-49C3-B55F-5EBD897F9D29}.Release|x86.ActiveCfg = Release|Any CPU
		{7B20CEA4-D68A-49C3-B55F-5EBD897F9D29}.Release|x86.Build.0 = Release|Any CPU
		{84EA8B6E-65A6-4084-A71D-CCC3B90D63EC}.Debug|Any CPU.ActiveCfg = Debug|Any CPU
		{84EA8B6E-65A6-4084-A71D-CCC3B90D63EC}.Debug|Any CPU.Build.0 = Debug|Any CPU
		{84EA8B6E-65A6-4084-A71D-CCC3B90D63EC}.Debug|x64.ActiveCfg = Debug|Any CPU
		{84EA8B6E-65A6-4084-A71D-CCC3B90D63EC}.Debug|x64.Build.0 = Debug|Any CPU
		{84EA8B6E-65A6-4084-A71D-CCC3B90D63EC}.Debug|x86.ActiveCfg = Debug|Any CPU
		{84EA8B6E-65A6-4084-A71D-CCC3B90D63EC}.Debug|x86.Build.0 = Debug|Any CPU
		{84EA8B6E-65A6-4084-A71D-CCC3B90D63EC}.Release|Any CPU.ActiveCfg = Release|Any CPU
		{84EA8B6E-65A6-4084-A71D-CCC3B90D63EC}.Release|Any CPU.Build.0 = Release|Any CPU
		{84EA8B6E-65A6-4084-A71D-CCC3B90D63EC}.Release|x64.ActiveCfg = Release|Any CPU
		{84EA8B6E-65A6-4084-A71D-CCC3B90D63EC}.Release|x64.Build.0 = Release|Any CPU
		{84EA8B6E-65A6-4084-A71D-CCC3B90D63EC}.Release|x86.ActiveCfg = Release|Any CPU
		{84EA8B6E-65A6-4084-A71D-CCC3B90D63EC}.Release|x86.Build.0 = Release|Any CPU
		{5350A1BB-93C1-48C5-8244-CFC6C276E390}.Debug|Any CPU.ActiveCfg = Debug|Any CPU
		{5350A1BB-93C1-48C5-8244-CFC6C276E390}.Debug|Any CPU.Build.0 = Debug|Any CPU
		{5350A1BB-93C1-48C5-8244-CFC6C276E390}.Debug|x64.ActiveCfg = Debug|Any CPU
		{5350A1BB-93C1-48C5-8244-CFC6C276E390}.Debug|x64.Build.0 = Debug|Any CPU
		{5350A1BB-93C1-48C5-8244-CFC6C276E390}.Debug|x86.ActiveCfg = Debug|Any CPU
		{5350A1BB-93C1-48C5-8244-CFC6C276E390}.Debug|x86.Build.0 = Debug|Any CPU
		{5350A1BB-93C1-48C5-8244-CFC6C276E390}.Release|Any CPU.ActiveCfg = Release|Any CPU
		{5350A1BB-93C1-48C5-8244-CFC6C276E390}.Release|Any CPU.Build.0 = Release|Any CPU
		{5350A1BB-93C1-48C5-8244-CFC6C276E390}.Release|x64.ActiveCfg = Release|Any CPU
		{5350A1BB-93C1-48C5-8244-CFC6C276E390}.Release|x64.Build.0 = Release|Any CPU
		{5350A1BB-93C1-48C5-8244-CFC6C276E390}.Release|x86.ActiveCfg = Release|Any CPU
		{5350A1BB-93C1-48C5-8244-CFC6C276E390}.Release|x86.Build.0 = Release|Any CPU
		{4B199051-9972-42C3-A9DD-AC47210A6674}.Debug|Any CPU.ActiveCfg = Debug|Any CPU
		{4B199051-9972-42C3-A9DD-AC47210A6674}.Debug|Any CPU.Build.0 = Debug|Any CPU
		{4B199051-9972-42C3-A9DD-AC47210A6674}.Debug|x64.ActiveCfg = Debug|Any CPU
		{4B199051-9972-42C3-A9DD-AC47210A6674}.Debug|x64.Build.0 = Debug|Any CPU
		{4B199051-9972-42C3-A9DD-AC47210A6674}.Debug|x86.ActiveCfg = Debug|Any CPU
		{4B199051-9972-42C3-A9DD-AC47210A6674}.Debug|x86.Build.0 = Debug|Any CPU
		{4B199051-9972-42C3-A9DD-AC47210A6674}.Release|Any CPU.ActiveCfg = Release|Any CPU
		{4B199051-9972-42C3-A9DD-AC47210A6674}.Release|Any CPU.Build.0 = Release|Any CPU
		{4B199051-9972-42C3-A9DD-AC47210A6674}.Release|x64.ActiveCfg = Release|Any CPU
		{4B199051-9972-42C3-A9DD-AC47210A6674}.Release|x64.Build.0 = Release|Any CPU
		{4B199051-9972-42C3-A9DD-AC47210A6674}.Release|x86.ActiveCfg = Release|Any CPU
		{4B199051-9972-42C3-A9DD-AC47210A6674}.Release|x86.Build.0 = Release|Any CPU
		{A9345D5F-8A2F-48C2-A3E3-76D620A04D2B}.Debug|Any CPU.ActiveCfg = Debug|Any CPU
		{A9345D5F-8A2F-48C2-A3E3-76D620A04D2B}.Debug|Any CPU.Build.0 = Debug|Any CPU
		{A9345D5F-8A2F-48C2-A3E3-76D620A04D2B}.Debug|x64.ActiveCfg = Debug|Any CPU
		{A9345D5F-8A2F-48C2-A3E3-76D620A04D2B}.Debug|x64.Build.0 = Debug|Any CPU
		{A9345D5F-8A2F-48C2-A3E3-76D620A04D2B}.Debug|x86.ActiveCfg = Debug|Any CPU
		{A9345D5F-8A2F-48C2-A3E3-76D620A04D2B}.Debug|x86.Build.0 = Debug|Any CPU
		{A9345D5F-8A2F-48C2-A3E3-76D620A04D2B}.Release|Any CPU.ActiveCfg = Release|Any CPU
		{A9345D5F-8A2F-48C2-A3E3-76D620A04D2B}.Release|Any CPU.Build.0 = Release|Any CPU
		{A9345D5F-8A2F-48C2-A3E3-76D620A04D2B}.Release|x64.ActiveCfg = Release|Any CPU
		{A9345D5F-8A2F-48C2-A3E3-76D620A04D2B}.Release|x64.Build.0 = Release|Any CPU
		{A9345D5F-8A2F-48C2-A3E3-76D620A04D2B}.Release|x86.ActiveCfg = Release|Any CPU
		{A9345D5F-8A2F-48C2-A3E3-76D620A04D2B}.Release|x86.Build.0 = Release|Any CPU
		{B9FA7D45-6DAE-4D56-AD7E-BB6C987A58C5}.Debug|Any CPU.ActiveCfg = Debug|Any CPU
		{B9FA7D45-6DAE-4D56-AD7E-BB6C987A58C5}.Debug|Any CPU.Build.0 = Debug|Any CPU
		{B9FA7D45-6DAE-4D56-AD7E-BB6C987A58C5}.Debug|x64.ActiveCfg = Debug|Any CPU
		{B9FA7D45-6DAE-4D56-AD7E-BB6C987A58C5}.Debug|x64.Build.0 = Debug|Any CPU
		{B9FA7D45-6DAE-4D56-AD7E-BB6C987A58C5}.Debug|x86.ActiveCfg = Debug|Any CPU
		{B9FA7D45-6DAE-4D56-AD7E-BB6C987A58C5}.Debug|x86.Build.0 = Debug|Any CPU
		{B9FA7D45-6DAE-4D56-AD7E-BB6C987A58C5}.Release|Any CPU.ActiveCfg = Release|Any CPU
		{B9FA7D45-6DAE-4D56-AD7E-BB6C987A58C5}.Release|Any CPU.Build.0 = Release|Any CPU
		{B9FA7D45-6DAE-4D56-AD7E-BB6C987A58C5}.Release|x64.ActiveCfg = Release|Any CPU
		{B9FA7D45-6DAE-4D56-AD7E-BB6C987A58C5}.Release|x64.Build.0 = Release|Any CPU
		{B9FA7D45-6DAE-4D56-AD7E-BB6C987A58C5}.Release|x86.ActiveCfg = Release|Any CPU
		{B9FA7D45-6DAE-4D56-AD7E-BB6C987A58C5}.Release|x86.Build.0 = Release|Any CPU
		{27D852C9-7A7F-436D-8A89-22287ECF8EB2}.Debug|Any CPU.ActiveCfg = Debug|Any CPU
		{27D852C9-7A7F-436D-8A89-22287ECF8EB2}.Debug|Any CPU.Build.0 = Debug|Any CPU
		{27D852C9-7A7F-436D-8A89-22287ECF8EB2}.Debug|x64.ActiveCfg = Debug|Any CPU
		{27D852C9-7A7F-436D-8A89-22287ECF8EB2}.Debug|x64.Build.0 = Debug|Any CPU
		{27D852C9-7A7F-436D-8A89-22287ECF8EB2}.Debug|x86.ActiveCfg = Debug|Any CPU
		{27D852C9-7A7F-436D-8A89-22287ECF8EB2}.Debug|x86.Build.0 = Debug|Any CPU
		{27D852C9-7A7F-436D-8A89-22287ECF8EB2}.Release|Any CPU.ActiveCfg = Release|Any CPU
		{27D852C9-7A7F-436D-8A89-22287ECF8EB2}.Release|Any CPU.Build.0 = Release|Any CPU
		{27D852C9-7A7F-436D-8A89-22287ECF8EB2}.Release|x64.ActiveCfg = Release|Any CPU
		{27D852C9-7A7F-436D-8A89-22287ECF8EB2}.Release|x64.Build.0 = Release|Any CPU
		{27D852C9-7A7F-436D-8A89-22287ECF8EB2}.Release|x86.ActiveCfg = Release|Any CPU
		{27D852C9-7A7F-436D-8A89-22287ECF8EB2}.Release|x86.Build.0 = Release|Any CPU
		{224C41AE-D21C-4300-A16F-969E178B01B0}.Debug|Any CPU.ActiveCfg = Debug|Any CPU
		{224C41AE-D21C-4300-A16F-969E178B01B0}.Debug|Any CPU.Build.0 = Debug|Any CPU
		{224C41AE-D21C-4300-A16F-969E178B01B0}.Debug|x64.ActiveCfg = Debug|Any CPU
		{224C41AE-D21C-4300-A16F-969E178B01B0}.Debug|x64.Build.0 = Debug|Any CPU
		{224C41AE-D21C-4300-A16F-969E178B01B0}.Debug|x86.ActiveCfg = Debug|Any CPU
		{224C41AE-D21C-4300-A16F-969E178B01B0}.Debug|x86.Build.0 = Debug|Any CPU
		{224C41AE-D21C-4300-A16F-969E178B01B0}.Release|Any CPU.ActiveCfg = Release|Any CPU
		{224C41AE-D21C-4300-A16F-969E178B01B0}.Release|Any CPU.Build.0 = Release|Any CPU
		{224C41AE-D21C-4300-A16F-969E178B01B0}.Release|x64.ActiveCfg = Release|Any CPU
		{224C41AE-D21C-4300-A16F-969E178B01B0}.Release|x64.Build.0 = Release|Any CPU
		{224C41AE-D21C-4300-A16F-969E178B01B0}.Release|x86.ActiveCfg = Release|Any CPU
		{224C41AE-D21C-4300-A16F-969E178B01B0}.Release|x86.Build.0 = Release|Any CPU
		{3F783E1E-1B5B-45C9-AE06-173B13B08418}.Debug|Any CPU.ActiveCfg = Debug|Any CPU
		{3F783E1E-1B5B-45C9-AE06-173B13B08418}.Debug|Any CPU.Build.0 = Debug|Any CPU
		{3F783E1E-1B5B-45C9-AE06-173B13B08418}.Debug|x64.ActiveCfg = Debug|Any CPU
		{3F783E1E-1B5B-45C9-AE06-173B13B08418}.Debug|x64.Build.0 = Debug|Any CPU
		{3F783E1E-1B5B-45C9-AE06-173B13B08418}.Debug|x86.ActiveCfg = Debug|Any CPU
		{3F783E1E-1B5B-45C9-AE06-173B13B08418}.Debug|x86.Build.0 = Debug|Any CPU
		{3F783E1E-1B5B-45C9-AE06-173B13B08418}.Release|Any CPU.ActiveCfg = Release|Any CPU
		{3F783E1E-1B5B-45C9-AE06-173B13B08418}.Release|Any CPU.Build.0 = Release|Any CPU
		{3F783E1E-1B5B-45C9-AE06-173B13B08418}.Release|x64.ActiveCfg = Release|Any CPU
		{3F783E1E-1B5B-45C9-AE06-173B13B08418}.Release|x64.Build.0 = Release|Any CPU
		{3F783E1E-1B5B-45C9-AE06-173B13B08418}.Release|x86.ActiveCfg = Release|Any CPU
		{3F783E1E-1B5B-45C9-AE06-173B13B08418}.Release|x86.Build.0 = Release|Any CPU
		{5621604A-3179-4265-ACA9-865A82E0E495}.Debug|Any CPU.ActiveCfg = Debug|Any CPU
		{5621604A-3179-4265-ACA9-865A82E0E495}.Debug|Any CPU.Build.0 = Debug|Any CPU
		{5621604A-3179-4265-ACA9-865A82E0E495}.Debug|x64.ActiveCfg = Debug|Any CPU
		{5621604A-3179-4265-ACA9-865A82E0E495}.Debug|x64.Build.0 = Debug|Any CPU
		{5621604A-3179-4265-ACA9-865A82E0E495}.Debug|x86.ActiveCfg = Debug|Any CPU
		{5621604A-3179-4265-ACA9-865A82E0E495}.Debug|x86.Build.0 = Debug|Any CPU
		{5621604A-3179-4265-ACA9-865A82E0E495}.Release|Any CPU.ActiveCfg = Release|Any CPU
		{5621604A-3179-4265-ACA9-865A82E0E495}.Release|Any CPU.Build.0 = Release|Any CPU
		{5621604A-3179-4265-ACA9-865A82E0E495}.Release|x64.ActiveCfg = Release|Any CPU
		{5621604A-3179-4265-ACA9-865A82E0E495}.Release|x64.Build.0 = Release|Any CPU
		{5621604A-3179-4265-ACA9-865A82E0E495}.Release|x86.ActiveCfg = Release|Any CPU
		{5621604A-3179-4265-ACA9-865A82E0E495}.Release|x86.Build.0 = Release|Any CPU
		{4F04C17C-6ED0-41A0-8FE1-3823438A896E}.Debug|Any CPU.ActiveCfg = Debug|Any CPU
		{4F04C17C-6ED0-41A0-8FE1-3823438A896E}.Debug|Any CPU.Build.0 = Debug|Any CPU
		{4F04C17C-6ED0-41A0-8FE1-3823438A896E}.Debug|x64.ActiveCfg = Debug|x64
		{4F04C17C-6ED0-41A0-8FE1-3823438A896E}.Debug|x64.Build.0 = Debug|x64
		{4F04C17C-6ED0-41A0-8FE1-3823438A896E}.Debug|x86.ActiveCfg = Debug|Any CPU
		{4F04C17C-6ED0-41A0-8FE1-3823438A896E}.Debug|x86.Build.0 = Debug|Any CPU
		{4F04C17C-6ED0-41A0-8FE1-3823438A896E}.Release|Any CPU.ActiveCfg = Release|Any CPU
		{4F04C17C-6ED0-41A0-8FE1-3823438A896E}.Release|Any CPU.Build.0 = Release|Any CPU
		{4F04C17C-6ED0-41A0-8FE1-3823438A896E}.Release|x64.ActiveCfg = Release|x64
		{4F04C17C-6ED0-41A0-8FE1-3823438A896E}.Release|x64.Build.0 = Release|x64
		{4F04C17C-6ED0-41A0-8FE1-3823438A896E}.Release|x86.ActiveCfg = Release|Any CPU
		{4F04C17C-6ED0-41A0-8FE1-3823438A896E}.Release|x86.Build.0 = Release|Any CPU
		{58F00DF9-C12F-4D3F-9CC5-8AA5402E2219}.Debug|Any CPU.ActiveCfg = Debug|Any CPU
		{58F00DF9-C12F-4D3F-9CC5-8AA5402E2219}.Debug|Any CPU.Build.0 = Debug|Any CPU
		{58F00DF9-C12F-4D3F-9CC5-8AA5402E2219}.Debug|x64.ActiveCfg = Debug|Any CPU
		{58F00DF9-C12F-4D3F-9CC5-8AA5402E2219}.Debug|x64.Build.0 = Debug|Any CPU
		{58F00DF9-C12F-4D3F-9CC5-8AA5402E2219}.Debug|x86.ActiveCfg = Debug|Any CPU
		{58F00DF9-C12F-4D3F-9CC5-8AA5402E2219}.Debug|x86.Build.0 = Debug|Any CPU
		{58F00DF9-C12F-4D3F-9CC5-8AA5402E2219}.Release|Any CPU.ActiveCfg = Release|Any CPU
		{58F00DF9-C12F-4D3F-9CC5-8AA5402E2219}.Release|Any CPU.Build.0 = Release|Any CPU
		{58F00DF9-C12F-4D3F-9CC5-8AA5402E2219}.Release|x64.ActiveCfg = Release|Any CPU
		{58F00DF9-C12F-4D3F-9CC5-8AA5402E2219}.Release|x64.Build.0 = Release|Any CPU
		{58F00DF9-C12F-4D3F-9CC5-8AA5402E2219}.Release|x86.ActiveCfg = Release|Any CPU
		{58F00DF9-C12F-4D3F-9CC5-8AA5402E2219}.Release|x86.Build.0 = Release|Any CPU
		{9D5C0F15-D9E8-4F1B-BBA2-B604E0F91E95}.Debug|Any CPU.ActiveCfg = Debug|Any CPU
		{9D5C0F15-D9E8-4F1B-BBA2-B604E0F91E95}.Debug|Any CPU.Build.0 = Debug|Any CPU
		{9D5C0F15-D9E8-4F1B-BBA2-B604E0F91E95}.Debug|x64.ActiveCfg = Debug|x64
		{9D5C0F15-D9E8-4F1B-BBA2-B604E0F91E95}.Debug|x64.Build.0 = Debug|x64
		{9D5C0F15-D9E8-4F1B-BBA2-B604E0F91E95}.Debug|x86.ActiveCfg = Debug|Any CPU
		{9D5C0F15-D9E8-4F1B-BBA2-B604E0F91E95}.Debug|x86.Build.0 = Debug|Any CPU
		{9D5C0F15-D9E8-4F1B-BBA2-B604E0F91E95}.Release|Any CPU.ActiveCfg = Release|Any CPU
		{9D5C0F15-D9E8-4F1B-BBA2-B604E0F91E95}.Release|Any CPU.Build.0 = Release|Any CPU
		{9D5C0F15-D9E8-4F1B-BBA2-B604E0F91E95}.Release|x64.ActiveCfg = Release|x64
		{9D5C0F15-D9E8-4F1B-BBA2-B604E0F91E95}.Release|x64.Build.0 = Release|x64
		{9D5C0F15-D9E8-4F1B-BBA2-B604E0F91E95}.Release|x86.ActiveCfg = Release|Any CPU
		{9D5C0F15-D9E8-4F1B-BBA2-B604E0F91E95}.Release|x86.Build.0 = Release|Any CPU
		{132A978C-144D-4436-8833-FF5A94616CC5}.Debug|Any CPU.ActiveCfg = Debug|Any CPU
		{132A978C-144D-4436-8833-FF5A94616CC5}.Debug|Any CPU.Build.0 = Debug|Any CPU
		{132A978C-144D-4436-8833-FF5A94616CC5}.Debug|x64.ActiveCfg = Debug|Any CPU
		{132A978C-144D-4436-8833-FF5A94616CC5}.Debug|x64.Build.0 = Debug|Any CPU
		{132A978C-144D-4436-8833-FF5A94616CC5}.Debug|x86.ActiveCfg = Debug|Any CPU
		{132A978C-144D-4436-8833-FF5A94616CC5}.Debug|x86.Build.0 = Debug|Any CPU
		{132A978C-144D-4436-8833-FF5A94616CC5}.Release|Any CPU.ActiveCfg = Release|Any CPU
		{132A978C-144D-4436-8833-FF5A94616CC5}.Release|Any CPU.Build.0 = Release|Any CPU
		{132A978C-144D-4436-8833-FF5A94616CC5}.Release|x64.ActiveCfg = Release|Any CPU
		{132A978C-144D-4436-8833-FF5A94616CC5}.Release|x64.Build.0 = Release|Any CPU
		{132A978C-144D-4436-8833-FF5A94616CC5}.Release|x86.ActiveCfg = Release|Any CPU
		{132A978C-144D-4436-8833-FF5A94616CC5}.Release|x86.Build.0 = Release|Any CPU
		{A5D29D02-5883-4DB8-BE12-9C223139815E}.Debug|Any CPU.ActiveCfg = Debug|Any CPU
		{A5D29D02-5883-4DB8-BE12-9C223139815E}.Debug|Any CPU.Build.0 = Debug|Any CPU
		{A5D29D02-5883-4DB8-BE12-9C223139815E}.Debug|x64.ActiveCfg = Debug|Any CPU
		{A5D29D02-5883-4DB8-BE12-9C223139815E}.Debug|x64.Build.0 = Debug|Any CPU
		{A5D29D02-5883-4DB8-BE12-9C223139815E}.Debug|x86.ActiveCfg = Debug|Any CPU
		{A5D29D02-5883-4DB8-BE12-9C223139815E}.Debug|x86.Build.0 = Debug|Any CPU
		{A5D29D02-5883-4DB8-BE12-9C223139815E}.Release|Any CPU.ActiveCfg = Release|Any CPU
		{A5D29D02-5883-4DB8-BE12-9C223139815E}.Release|Any CPU.Build.0 = Release|Any CPU
		{A5D29D02-5883-4DB8-BE12-9C223139815E}.Release|x64.ActiveCfg = Release|Any CPU
		{A5D29D02-5883-4DB8-BE12-9C223139815E}.Release|x64.Build.0 = Release|Any CPU
		{A5D29D02-5883-4DB8-BE12-9C223139815E}.Release|x86.ActiveCfg = Release|Any CPU
		{A5D29D02-5883-4DB8-BE12-9C223139815E}.Release|x86.Build.0 = Release|Any CPU
		{FE775048-3DB9-4F9E-A715-06C0E319BA63}.Debug|Any CPU.ActiveCfg = Debug|Any CPU
		{FE775048-3DB9-4F9E-A715-06C0E319BA63}.Debug|Any CPU.Build.0 = Debug|Any CPU
		{FE775048-3DB9-4F9E-A715-06C0E319BA63}.Debug|x64.ActiveCfg = Debug|Any CPU
		{FE775048-3DB9-4F9E-A715-06C0E319BA63}.Debug|x64.Build.0 = Debug|Any CPU
		{FE775048-3DB9-4F9E-A715-06C0E319BA63}.Debug|x86.ActiveCfg = Debug|Any CPU
		{FE775048-3DB9-4F9E-A715-06C0E319BA63}.Debug|x86.Build.0 = Debug|Any CPU
		{FE775048-3DB9-4F9E-A715-06C0E319BA63}.Release|Any CPU.ActiveCfg = Release|Any CPU
		{FE775048-3DB9-4F9E-A715-06C0E319BA63}.Release|Any CPU.Build.0 = Release|Any CPU
		{FE775048-3DB9-4F9E-A715-06C0E319BA63}.Release|x64.ActiveCfg = Release|Any CPU
		{FE775048-3DB9-4F9E-A715-06C0E319BA63}.Release|x64.Build.0 = Release|Any CPU
		{FE775048-3DB9-4F9E-A715-06C0E319BA63}.Release|x86.ActiveCfg = Release|Any CPU
		{FE775048-3DB9-4F9E-A715-06C0E319BA63}.Release|x86.Build.0 = Release|Any CPU
		{5BEDAC1F-6458-4EBA-8174-EC06B07F2132}.Debug|Any CPU.ActiveCfg = Debug|Any CPU
		{5BEDAC1F-6458-4EBA-8174-EC06B07F2132}.Debug|Any CPU.Build.0 = Debug|Any CPU
		{5BEDAC1F-6458-4EBA-8174-EC06B07F2132}.Debug|x64.ActiveCfg = Debug|Any CPU
		{5BEDAC1F-6458-4EBA-8174-EC06B07F2132}.Debug|x64.Build.0 = Debug|Any CPU
		{5BEDAC1F-6458-4EBA-8174-EC06B07F2132}.Debug|x86.ActiveCfg = Debug|Any CPU
		{5BEDAC1F-6458-4EBA-8174-EC06B07F2132}.Debug|x86.Build.0 = Debug|Any CPU
		{5BEDAC1F-6458-4EBA-8174-EC06B07F2132}.Release|Any CPU.ActiveCfg = Release|Any CPU
		{5BEDAC1F-6458-4EBA-8174-EC06B07F2132}.Release|Any CPU.Build.0 = Release|Any CPU
		{5BEDAC1F-6458-4EBA-8174-EC06B07F2132}.Release|x64.ActiveCfg = Release|Any CPU
		{5BEDAC1F-6458-4EBA-8174-EC06B07F2132}.Release|x64.Build.0 = Release|Any CPU
		{5BEDAC1F-6458-4EBA-8174-EC06B07F2132}.Release|x86.ActiveCfg = Release|Any CPU
		{5BEDAC1F-6458-4EBA-8174-EC06B07F2132}.Release|x86.Build.0 = Release|Any CPU
		{9F6E4734-6341-4A9C-A7FF-636A39D8BEAD}.Debug|Any CPU.ActiveCfg = Debug|Any CPU
		{9F6E4734-6341-4A9C-A7FF-636A39D8BEAD}.Debug|Any CPU.Build.0 = Debug|Any CPU
		{9F6E4734-6341-4A9C-A7FF-636A39D8BEAD}.Debug|x64.ActiveCfg = Debug|Any CPU
		{9F6E4734-6341-4A9C-A7FF-636A39D8BEAD}.Debug|x64.Build.0 = Debug|Any CPU
		{9F6E4734-6341-4A9C-A7FF-636A39D8BEAD}.Debug|x86.ActiveCfg = Debug|Any CPU
		{9F6E4734-6341-4A9C-A7FF-636A39D8BEAD}.Debug|x86.Build.0 = Debug|Any CPU
		{9F6E4734-6341-4A9C-A7FF-636A39D8BEAD}.Release|Any CPU.ActiveCfg = Release|Any CPU
		{9F6E4734-6341-4A9C-A7FF-636A39D8BEAD}.Release|Any CPU.Build.0 = Release|Any CPU
		{9F6E4734-6341-4A9C-A7FF-636A39D8BEAD}.Release|x64.ActiveCfg = Release|Any CPU
		{9F6E4734-6341-4A9C-A7FF-636A39D8BEAD}.Release|x64.Build.0 = Release|Any CPU
		{9F6E4734-6341-4A9C-A7FF-636A39D8BEAD}.Release|x86.ActiveCfg = Release|Any CPU
		{9F6E4734-6341-4A9C-A7FF-636A39D8BEAD}.Release|x86.Build.0 = Release|Any CPU
		{9BE474A2-1547-43AC-B4F2-FB48A01FA995}.Debug|Any CPU.ActiveCfg = Debug|Any CPU
		{9BE474A2-1547-43AC-B4F2-FB48A01FA995}.Debug|Any CPU.Build.0 = Debug|Any CPU
		{9BE474A2-1547-43AC-B4F2-FB48A01FA995}.Debug|x64.ActiveCfg = Debug|Any CPU
		{9BE474A2-1547-43AC-B4F2-FB48A01FA995}.Debug|x64.Build.0 = Debug|Any CPU
		{9BE474A2-1547-43AC-B4F2-FB48A01FA995}.Debug|x86.ActiveCfg = Debug|Any CPU
		{9BE474A2-1547-43AC-B4F2-FB48A01FA995}.Debug|x86.Build.0 = Debug|Any CPU
		{9BE474A2-1547-43AC-B4F2-FB48A01FA995}.Release|Any CPU.ActiveCfg = Release|Any CPU
		{9BE474A2-1547-43AC-B4F2-FB48A01FA995}.Release|Any CPU.Build.0 = Release|Any CPU
		{9BE474A2-1547-43AC-B4F2-FB48A01FA995}.Release|x64.ActiveCfg = Release|Any CPU
		{9BE474A2-1547-43AC-B4F2-FB48A01FA995}.Release|x64.Build.0 = Release|Any CPU
		{9BE474A2-1547-43AC-B4F2-FB48A01FA995}.Release|x86.ActiveCfg = Release|Any CPU
		{9BE474A2-1547-43AC-B4F2-FB48A01FA995}.Release|x86.Build.0 = Release|Any CPU
		{A8CA619E-8F13-4EF8-943F-2D5E3FEBFB3F}.Debug|Any CPU.ActiveCfg = Debug|Any CPU
		{A8CA619E-8F13-4EF8-943F-2D5E3FEBFB3F}.Debug|Any CPU.Build.0 = Debug|Any CPU
		{A8CA619E-8F13-4EF8-943F-2D5E3FEBFB3F}.Debug|x64.ActiveCfg = Debug|Any CPU
		{A8CA619E-8F13-4EF8-943F-2D5E3FEBFB3F}.Debug|x64.Build.0 = Debug|Any CPU
		{A8CA619E-8F13-4EF8-943F-2D5E3FEBFB3F}.Debug|x86.ActiveCfg = Debug|Any CPU
		{A8CA619E-8F13-4EF8-943F-2D5E3FEBFB3F}.Debug|x86.Build.0 = Debug|Any CPU
		{A8CA619E-8F13-4EF8-943F-2D5E3FEBFB3F}.Release|Any CPU.ActiveCfg = Release|Any CPU
		{A8CA619E-8F13-4EF8-943F-2D5E3FEBFB3F}.Release|Any CPU.Build.0 = Release|Any CPU
		{A8CA619E-8F13-4EF8-943F-2D5E3FEBFB3F}.Release|x64.ActiveCfg = Release|Any CPU
		{A8CA619E-8F13-4EF8-943F-2D5E3FEBFB3F}.Release|x64.Build.0 = Release|Any CPU
		{A8CA619E-8F13-4EF8-943F-2D5E3FEBFB3F}.Release|x86.ActiveCfg = Release|Any CPU
		{A8CA619E-8F13-4EF8-943F-2D5E3FEBFB3F}.Release|x86.Build.0 = Release|Any CPU
		{6B66B394-E410-4B61-9A5A-1595FF6F5E08}.Debug|Any CPU.ActiveCfg = Debug|Any CPU
		{6B66B394-E410-4B61-9A5A-1595FF6F5E08}.Debug|Any CPU.Build.0 = Debug|Any CPU
		{6B66B394-E410-4B61-9A5A-1595FF6F5E08}.Debug|x64.ActiveCfg = Debug|Any CPU
		{6B66B394-E410-4B61-9A5A-1595FF6F5E08}.Debug|x64.Build.0 = Debug|Any CPU
		{6B66B394-E410-4B61-9A5A-1595FF6F5E08}.Debug|x86.ActiveCfg = Debug|Any CPU
		{6B66B394-E410-4B61-9A5A-1595FF6F5E08}.Debug|x86.Build.0 = Debug|Any CPU
		{6B66B394-E410-4B61-9A5A-1595FF6F5E08}.Release|Any CPU.ActiveCfg = Release|Any CPU
		{6B66B394-E410-4B61-9A5A-1595FF6F5E08}.Release|Any CPU.Build.0 = Release|Any CPU
		{6B66B394-E410-4B61-9A5A-1595FF6F5E08}.Release|x64.ActiveCfg = Release|Any CPU
		{6B66B394-E410-4B61-9A5A-1595FF6F5E08}.Release|x64.Build.0 = Release|Any CPU
		{6B66B394-E410-4B61-9A5A-1595FF6F5E08}.Release|x86.ActiveCfg = Release|Any CPU
		{6B66B394-E410-4B61-9A5A-1595FF6F5E08}.Release|x86.Build.0 = Release|Any CPU
		{DF2DD03E-87EE-482A-9FBA-6C8FBC23BDC5}.Debug|Any CPU.ActiveCfg = Debug|Any CPU
		{DF2DD03E-87EE-482A-9FBA-6C8FBC23BDC5}.Debug|Any CPU.Build.0 = Debug|Any CPU
		{DF2DD03E-87EE-482A-9FBA-6C8FBC23BDC5}.Debug|x64.ActiveCfg = Debug|Any CPU
		{DF2DD03E-87EE-482A-9FBA-6C8FBC23BDC5}.Debug|x64.Build.0 = Debug|Any CPU
		{DF2DD03E-87EE-482A-9FBA-6C8FBC23BDC5}.Debug|x86.ActiveCfg = Debug|Any CPU
		{DF2DD03E-87EE-482A-9FBA-6C8FBC23BDC5}.Debug|x86.Build.0 = Debug|Any CPU
		{DF2DD03E-87EE-482A-9FBA-6C8FBC23BDC5}.Release|Any CPU.ActiveCfg = Release|Any CPU
		{DF2DD03E-87EE-482A-9FBA-6C8FBC23BDC5}.Release|Any CPU.Build.0 = Release|Any CPU
		{DF2DD03E-87EE-482A-9FBA-6C8FBC23BDC5}.Release|x64.ActiveCfg = Release|Any CPU
		{DF2DD03E-87EE-482A-9FBA-6C8FBC23BDC5}.Release|x64.Build.0 = Release|Any CPU
		{DF2DD03E-87EE-482A-9FBA-6C8FBC23BDC5}.Release|x86.ActiveCfg = Release|Any CPU
		{DF2DD03E-87EE-482A-9FBA-6C8FBC23BDC5}.Release|x86.Build.0 = Release|Any CPU
		{A48412B4-FD60-467E-A5D9-F155CAB4F907}.Debug|Any CPU.ActiveCfg = Debug|Any CPU
		{A48412B4-FD60-467E-A5D9-F155CAB4F907}.Debug|Any CPU.Build.0 = Debug|Any CPU
		{A48412B4-FD60-467E-A5D9-F155CAB4F907}.Debug|x64.ActiveCfg = Debug|Any CPU
		{A48412B4-FD60-467E-A5D9-F155CAB4F907}.Debug|x64.Build.0 = Debug|Any CPU
		{A48412B4-FD60-467E-A5D9-F155CAB4F907}.Debug|x86.ActiveCfg = Debug|Any CPU
		{A48412B4-FD60-467E-A5D9-F155CAB4F907}.Debug|x86.Build.0 = Debug|Any CPU
		{A48412B4-FD60-467E-A5D9-F155CAB4F907}.Release|Any CPU.ActiveCfg = Release|Any CPU
		{A48412B4-FD60-467E-A5D9-F155CAB4F907}.Release|Any CPU.Build.0 = Release|Any CPU
		{A48412B4-FD60-467E-A5D9-F155CAB4F907}.Release|x64.ActiveCfg = Release|Any CPU
		{A48412B4-FD60-467E-A5D9-F155CAB4F907}.Release|x64.Build.0 = Release|Any CPU
		{A48412B4-FD60-467E-A5D9-F155CAB4F907}.Release|x86.ActiveCfg = Release|Any CPU
		{A48412B4-FD60-467E-A5D9-F155CAB4F907}.Release|x86.Build.0 = Release|Any CPU
		{D4C9A1A0-7053-F072-21F5-4E0C5827136D}.Debug|Any CPU.ActiveCfg = Debug|Any CPU
		{D4C9A1A0-7053-F072-21F5-4E0C5827136D}.Debug|Any CPU.Build.0 = Debug|Any CPU
		{D4C9A1A0-7053-F072-21F5-4E0C5827136D}.Debug|x64.ActiveCfg = Debug|Any CPU
		{D4C9A1A0-7053-F072-21F5-4E0C5827136D}.Debug|x64.Build.0 = Debug|Any CPU
		{D4C9A1A0-7053-F072-21F5-4E0C5827136D}.Debug|x86.ActiveCfg = Debug|Any CPU
		{D4C9A1A0-7053-F072-21F5-4E0C5827136D}.Debug|x86.Build.0 = Debug|Any CPU
		{D4C9A1A0-7053-F072-21F5-4E0C5827136D}.Release|Any CPU.ActiveCfg = Release|Any CPU
		{D4C9A1A0-7053-F072-21F5-4E0C5827136D}.Release|Any CPU.Build.0 = Release|Any CPU
		{D4C9A1A0-7053-F072-21F5-4E0C5827136D}.Release|x64.ActiveCfg = Release|Any CPU
		{D4C9A1A0-7053-F072-21F5-4E0C5827136D}.Release|x64.Build.0 = Release|Any CPU
		{D4C9A1A0-7053-F072-21F5-4E0C5827136D}.Release|x86.ActiveCfg = Release|Any CPU
		{D4C9A1A0-7053-F072-21F5-4E0C5827136D}.Release|x86.Build.0 = Release|Any CPU
		{1A5DF817-D0DD-4F0B-AE3A-C9CD0E03C9D5}.Debug|Any CPU.ActiveCfg = Debug|Any CPU
		{1A5DF817-D0DD-4F0B-AE3A-C9CD0E03C9D5}.Debug|Any CPU.Build.0 = Debug|Any CPU
		{1A5DF817-D0DD-4F0B-AE3A-C9CD0E03C9D5}.Debug|x64.ActiveCfg = Debug|Any CPU
		{1A5DF817-D0DD-4F0B-AE3A-C9CD0E03C9D5}.Debug|x64.Build.0 = Debug|Any CPU
		{1A5DF817-D0DD-4F0B-AE3A-C9CD0E03C9D5}.Debug|x86.ActiveCfg = Debug|Any CPU
		{1A5DF817-D0DD-4F0B-AE3A-C9CD0E03C9D5}.Debug|x86.Build.0 = Debug|Any CPU
		{1A5DF817-D0DD-4F0B-AE3A-C9CD0E03C9D5}.Release|Any CPU.ActiveCfg = Release|Any CPU
		{1A5DF817-D0DD-4F0B-AE3A-C9CD0E03C9D5}.Release|Any CPU.Build.0 = Release|Any CPU
		{1A5DF817-D0DD-4F0B-AE3A-C9CD0E03C9D5}.Release|x64.ActiveCfg = Release|Any CPU
		{1A5DF817-D0DD-4F0B-AE3A-C9CD0E03C9D5}.Release|x64.Build.0 = Release|Any CPU
		{1A5DF817-D0DD-4F0B-AE3A-C9CD0E03C9D5}.Release|x86.ActiveCfg = Release|Any CPU
		{1A5DF817-D0DD-4F0B-AE3A-C9CD0E03C9D5}.Release|x86.Build.0 = Release|Any CPU
		{4FBA1587-BAFC-49F8-803A-D1CF431A26F5}.Debug|Any CPU.ActiveCfg = Debug|Any CPU
		{4FBA1587-BAFC-49F8-803A-D1CF431A26F5}.Debug|Any CPU.Build.0 = Debug|Any CPU
		{4FBA1587-BAFC-49F8-803A-D1CF431A26F5}.Debug|x64.ActiveCfg = Debug|Any CPU
		{4FBA1587-BAFC-49F8-803A-D1CF431A26F5}.Debug|x64.Build.0 = Debug|Any CPU
		{4FBA1587-BAFC-49F8-803A-D1CF431A26F5}.Debug|x86.ActiveCfg = Debug|Any CPU
		{4FBA1587-BAFC-49F8-803A-D1CF431A26F5}.Debug|x86.Build.0 = Debug|Any CPU
		{4FBA1587-BAFC-49F8-803A-D1CF431A26F5}.Release|Any CPU.ActiveCfg = Release|Any CPU
		{4FBA1587-BAFC-49F8-803A-D1CF431A26F5}.Release|Any CPU.Build.0 = Release|Any CPU
		{4FBA1587-BAFC-49F8-803A-D1CF431A26F5}.Release|x64.ActiveCfg = Release|Any CPU
		{4FBA1587-BAFC-49F8-803A-D1CF431A26F5}.Release|x64.Build.0 = Release|Any CPU
		{4FBA1587-BAFC-49F8-803A-D1CF431A26F5}.Release|x86.ActiveCfg = Release|Any CPU
		{4FBA1587-BAFC-49F8-803A-D1CF431A26F5}.Release|x86.Build.0 = Release|Any CPU
		{7A42F7AA-EE93-49B1-8711-A1D6D948F5FC}.Debug|Any CPU.ActiveCfg = Debug|Any CPU
		{7A42F7AA-EE93-49B1-8711-A1D6D948F5FC}.Debug|Any CPU.Build.0 = Debug|Any CPU
		{7A42F7AA-EE93-49B1-8711-A1D6D948F5FC}.Debug|x64.ActiveCfg = Debug|Any CPU
		{7A42F7AA-EE93-49B1-8711-A1D6D948F5FC}.Debug|x64.Build.0 = Debug|Any CPU
		{7A42F7AA-EE93-49B1-8711-A1D6D948F5FC}.Debug|x86.ActiveCfg = Debug|Any CPU
		{7A42F7AA-EE93-49B1-8711-A1D6D948F5FC}.Debug|x86.Build.0 = Debug|Any CPU
		{7A42F7AA-EE93-49B1-8711-A1D6D948F5FC}.Release|Any CPU.ActiveCfg = Release|Any CPU
		{7A42F7AA-EE93-49B1-8711-A1D6D948F5FC}.Release|Any CPU.Build.0 = Release|Any CPU
		{7A42F7AA-EE93-49B1-8711-A1D6D948F5FC}.Release|x64.ActiveCfg = Release|Any CPU
		{7A42F7AA-EE93-49B1-8711-A1D6D948F5FC}.Release|x64.Build.0 = Release|Any CPU
		{7A42F7AA-EE93-49B1-8711-A1D6D948F5FC}.Release|x86.ActiveCfg = Release|Any CPU
		{7A42F7AA-EE93-49B1-8711-A1D6D948F5FC}.Release|x86.Build.0 = Release|Any CPU
		{5422F66F-327C-AABE-98B2-9AFC349745D0}.Debug|Any CPU.ActiveCfg = Debug|Any CPU
		{5422F66F-327C-AABE-98B2-9AFC349745D0}.Debug|Any CPU.Build.0 = Debug|Any CPU
		{5422F66F-327C-AABE-98B2-9AFC349745D0}.Debug|x64.ActiveCfg = Debug|Any CPU
		{5422F66F-327C-AABE-98B2-9AFC349745D0}.Debug|x64.Build.0 = Debug|Any CPU
		{5422F66F-327C-AABE-98B2-9AFC349745D0}.Debug|x86.ActiveCfg = Debug|Any CPU
		{5422F66F-327C-AABE-98B2-9AFC349745D0}.Debug|x86.Build.0 = Debug|Any CPU
		{5422F66F-327C-AABE-98B2-9AFC349745D0}.Release|Any CPU.ActiveCfg = Release|Any CPU
		{5422F66F-327C-AABE-98B2-9AFC349745D0}.Release|Any CPU.Build.0 = Release|Any CPU
		{5422F66F-327C-AABE-98B2-9AFC349745D0}.Release|x64.ActiveCfg = Release|Any CPU
		{5422F66F-327C-AABE-98B2-9AFC349745D0}.Release|x64.Build.0 = Release|Any CPU
		{5422F66F-327C-AABE-98B2-9AFC349745D0}.Release|x86.ActiveCfg = Release|Any CPU
		{5422F66F-327C-AABE-98B2-9AFC349745D0}.Release|x86.Build.0 = Release|Any CPU
	EndGlobalSection
	GlobalSection(SolutionProperties) = preSolution
		HideSolutionNode = FALSE
	EndGlobalSection
	GlobalSection(NestedProjects) = preSolution
		{545A3E41-4043-4652-AB6E-36006B43FCA4} = {346A5A53-51E4-4A75-B7E6-491D950382CE}
		{7B20CEA4-D68A-49C3-B55F-5EBD897F9D29} = {147FCE31-EC09-4C90-8E4D-37CA87ED18C3}
		{84EA8B6E-65A6-4084-A71D-CCC3B90D63EC} = {147FCE31-EC09-4C90-8E4D-37CA87ED18C3}
		{5350A1BB-93C1-48C5-8244-CFC6C276E390} = {147FCE31-EC09-4C90-8E4D-37CA87ED18C3}
		{4B199051-9972-42C3-A9DD-AC47210A6674} = {8655B774-9ABC-4D24-8499-B6A08C3558E4}
		{A9345D5F-8A2F-48C2-A3E3-76D620A04D2B} = {9A03717A-4E0B-49CA-8579-A02A4C1D003F}
		{B01808A2-0103-4580-9F01-18AADBCFEAF5} = {147FCE31-EC09-4C90-8E4D-37CA87ED18C3}
		{B9FA7D45-6DAE-4D56-AD7E-BB6C987A58C5} = {69A71E2C-00E3-42F3-854E-BE157A24834E}
		{27D852C9-7A7F-436D-8A89-22287ECF8EB2} = {69A71E2C-00E3-42F3-854E-BE157A24834E}
		{224C41AE-D21C-4300-A16F-969E178B01B0} = {7068BB97-1958-4060-B5F1-859464592E56}
		{3F783E1E-1B5B-45C9-AE06-173B13B08418} = {7068BB97-1958-4060-B5F1-859464592E56}
		{5621604A-3179-4265-ACA9-865A82E0E495} = {6960DC4F-DE07-4EE4-9362-BAAD4BEA2B91}
		{4F04C17C-6ED0-41A0-8FE1-3823438A896E} = {B01808A2-0103-4580-9F01-18AADBCFEAF5}
		{58F00DF9-C12F-4D3F-9CC5-8AA5402E2219} = {69A71E2C-00E3-42F3-854E-BE157A24834E}
		{9D5C0F15-D9E8-4F1B-BBA2-B604E0F91E95} = {B01808A2-0103-4580-9F01-18AADBCFEAF5}
		{132A978C-144D-4436-8833-FF5A94616CC5} = {147FCE31-EC09-4C90-8E4D-37CA87ED18C3}
		{A5D29D02-5883-4DB8-BE12-9C223139815E} = {147FCE31-EC09-4C90-8E4D-37CA87ED18C3}
		{4CEA9C01-1519-4D1A-B096-B3208896496A} = {4485E56B-C60D-4994-9C5E-D3A9639EE43A}
		{FE775048-3DB9-4F9E-A715-06C0E319BA63} = {9A03717A-4E0B-49CA-8579-A02A4C1D003F}
		{5BEDAC1F-6458-4EBA-8174-EC06B07F2132} = {69A71E2C-00E3-42F3-854E-BE157A24834E}
		{9F6E4734-6341-4A9C-A7FF-636A39D8BEAD} = {346A5A53-51E4-4A75-B7E6-491D950382CE}
		{9BE474A2-1547-43AC-B4F2-FB48A01FA995} = {69A71E2C-00E3-42F3-854E-BE157A24834E}
		{A8CA619E-8F13-4EF8-943F-2D5E3FEBFB3F} = {69A71E2C-00E3-42F3-854E-BE157A24834E}
		{6B66B394-E410-4B61-9A5A-1595FF6F5E08} = {69A71E2C-00E3-42F3-854E-BE157A24834E}
		{697766CD-2046-46D9-958A-0FD3B46C98D4} = {01823EA4-4446-4D66-B268-DFEE55951964}
		{DF2DD03E-87EE-482A-9FBA-6C8FBC23BDC5} = {697766CD-2046-46D9-958A-0FD3B46C98D4}
		{A48412B4-FD60-467E-A5D9-F155CAB4F907} = {147FCE31-EC09-4C90-8E4D-37CA87ED18C3}
		{D4C9A1A0-7053-F072-21F5-4E0C5827136D} = {69A71E2C-00E3-42F3-854E-BE157A24834E}
		{1A5DF817-D0DD-4F0B-AE3A-C9CD0E03C9D5} = {D8A9CE6E-91B9-4B84-B44A-2BCF1161A793}
		{4FBA1587-BAFC-49F8-803A-D1CF431A26F5} = {7068BB97-1958-4060-B5F1-859464592E56}
		{7A42F7AA-EE93-49B1-8711-A1D6D948F5FC} = {9A03717A-4E0B-49CA-8579-A02A4C1D003F}
		{5422F66F-327C-AABE-98B2-9AFC349745D0} = {346A5A53-51E4-4A75-B7E6-491D950382CE}
	EndGlobalSection
	GlobalSection(ExtensibilityGlobals) = postSolution
		SolutionGuid = {2C02C405-4798-41CA-AF98-61EDFEF6772E}
	EndGlobalSection
EndGlobal
